
Microsoft Visual Studio Solution File, Format Version 12.00
# Visual Studio Version 16
VisualStudioVersion = 16.0.31205.134
MinimumVisualStudioVersion = 10.0.40219.1
Project("{FAE04EC0-301F-11D3-BF4B-00C04F79EFBC}") = "上課4.8", "上課4.8\上課4.8.csproj", "{C7AECF68-B065-46E7-B7AC-F1E962923C18}"
EndProject
Project("{FAE04EC0-301F-11D3-BF4B-00C04F79EFBC}") = "form", "form\form.csproj", "{9064504E-FACD-4D51-AD3B-418C3E598348}"
EndProject
Global
	GlobalSection(SolutionConfigurationPlatforms) = preSolution
		Debug|Any CPU = Debug|Any CPU
		Release|Any CPU = Release|Any CPU
	EndGlobalSection
	GlobalSection(ProjectConfigurationPlatforms) = postSolution
		{C7AECF68-B065-46E7-B7AC-F1E962923C18}.Debug|Any CPU.ActiveCfg = Debug|Any CPU
		{C7AECF68-B065-46E7-B7AC-F1E962923C18}.Debug|Any CPU.Build.0 = Debug|Any CPU
		{C7AECF68-B065-46E7-B7AC-F1E962923C18}.Release|Any CPU.ActiveCfg = Release|Any CPU
		{C7AECF68-B065-46E7-B7AC-F1E962923C18}.Release|Any CPU.Build.0 = Release|Any CPU
		{9064504E-FACD-4D51-AD3B-418C3E598348}.Debug|Any CPU.ActiveCfg = Debug|Any CPU
		{9064504E-FACD-4D51-AD3B-418C3E598348}.Debug|Any CPU.Build.0 = Debug|Any CPU
		{9064504E-FACD-4D51-AD3B-418C3E598348}.Release|Any CPU.ActiveCfg = Release|Any CPU
		{9064504E-FACD-4D51-AD3B-418C3E598348}.Release|Any CPU.Build.0 = Release|Any CPU
	EndGlobalSection
	GlobalSection(SolutionProperties) = preSolution
		HideSolutionNode = FALSE
	EndGlobalSection
	GlobalSection(ExtensibilityGlobals) = postSolution
		SolutionGuid = {F17ABFED-AF5F-489B-AE42-BB7486539514}
	EndGlobalSection
EndGlobal
